// !$*UTF8*$!
{
	archiveVersion = 1;
	classes = {
	};
	objectVersion = 50;
	objects = {

/* Begin PBXBuildFile section */
		5EEA79DC24DA3F0700AE809E /* AppDelegate.swift in Sources */ = {isa = PBXBuildFile; fileRef = 5EEA79DB24DA3F0700AE809E /* AppDelegate.swift */; };
		5EEA79DE24DA3F0700AE809E /* ContentView.swift in Sources */ = {isa = PBXBuildFile; fileRef = 5EEA79DD24DA3F0700AE809E /* ContentView.swift */; };
		5EEA79E024DA3F0700AE809E /* Assets.xcassets in Resources */ = {isa = PBXBuildFile; fileRef = 5EEA79DF24DA3F0700AE809E /* Assets.xcassets */; };
		5EEA79E324DA3F0700AE809E /* Preview Assets.xcassets in Resources */ = {isa = PBXBuildFile; fileRef = 5EEA79E224DA3F0700AE809E /* Preview Assets.xcassets */; };
		5EEA79E624DA3F0700AE809E /* Main.storyboard in Resources */ = {isa = PBXBuildFile; fileRef = 5EEA79E424DA3F0700AE809E /* Main.storyboard */; };
/* End PBXBuildFile section */

/* Begin PBXFileReference section */
		5E520A5C24DA4386007D7226 /* README.md */ = {isa = PBXFileReference; lastKnownFileType = net.daringfireball.markdown; path = README.md; sourceTree = "<group>"; };
		5EEA79D824DA3F0700AE809E /* VideoCaptureSample.app */ = {isa = PBXFileReference; explicitFileType = wrapper.application; includeInIndex = 0; path = VideoCaptureSample.app; sourceTree = BUILT_PRODUCTS_DIR; };
		5EEA79DB24DA3F0700AE809E /* AppDelegate.swift */ = {isa = PBXFileReference; lastKnownFileType = sourcecode.swift; path = AppDelegate.swift; sourceTree = "<group>"; };
		5EEA79DD24DA3F0700AE809E /* ContentView.swift */ = {isa = PBXFileReference; lastKnownFileType = sourcecode.swift; path = ContentView.swift; sourceTree = "<group>"; };
		5EEA79DF24DA3F0700AE809E /* Assets.xcassets */ = {isa = PBXFileReference; lastKnownFileType = folder.assetcatalog; path = Assets.xcassets; sourceTree = "<group>"; };
		5EEA79E224DA3F0700AE809E /* Preview Assets.xcassets */ = {isa = PBXFileReference; lastKnownFileType = folder.assetcatalog; path = "Preview Assets.xcassets"; sourceTree = "<group>"; };
		5EEA79E524DA3F0700AE809E /* Base */ = {isa = PBXFileReference; lastKnownFileType = file.storyboard; name = Base; path = Base.lproj/Main.storyboard; sourceTree = "<group>"; };
		5EEA79E724DA3F0700AE809E /* Info.plist */ = {isa = PBXFileReference; lastKnownFileType = text.plist.xml; path = Info.plist; sourceTree = "<group>"; };
		5EEA79E824DA3F0700AE809E /* VideoCaptureSample.entitlements */ = {isa = PBXFileReference; lastKnownFileType = text.plist.entitlements; path = VideoCaptureSample.entitlements; sourceTree = "<group>"; };
/* End PBXFileReference section */

/* Begin PBXFrameworksBuildPhase section */
		5EEA79D524DA3F0700AE809E /* Frameworks */ = {
			isa = PBXFrameworksBuildPhase;
			buildActionMask = 2147483647;
			files = (
			);
			runOnlyForDeploymentPostprocessing = 0;
		};
/* End PBXFrameworksBuildPhase section */

/* Begin PBXGroup section */
		5EEA79CF24DA3F0600AE809E = {
			isa = PBXGroup;
			children = (
				5E520A5C24DA4386007D7226 /* README.md */,
				5EEA79DA24DA3F0700AE809E /* VideoCaptureSample */,
				5EEA79D924DA3F0700AE809E /* Products */,
			);
			sourceTree = "<group>";
		};
		5EEA79D924DA3F0700AE809E /* Products */ = {
			isa = PBXGroup;
			children = (
				5EEA79D824DA3F0700AE809E /* VideoCaptureSample.app */,
			);
			name = Products;
			sourceTree = "<group>";
		};
		5EEA79DA24DA3F0700AE809E /* VideoCaptureSample */ = {
			isa = PBXGroup;
			children = (
				5EEA79DB24DA3F0700AE809E /* AppDelegate.swift */,
				5EEA79DD24DA3F0700AE809E /* ContentView.swift */,
				5EEA79DF24DA3F0700AE809E /* Assets.xcassets */,
				5EEA79E424DA3F0700AE809E /* Main.storyboard */,
				5EEA79E724DA3F0700AE809E /* Info.plist */,
				5EEA79E824DA3F0700AE809E /* VideoCaptureSample.entitlements */,
				5EEA79E124DA3F0700AE809E /* Preview Content */,
			);
			path = VideoCaptureSample;
			sourceTree = "<group>";
		};
		5EEA79E124DA3F0700AE809E /* Preview Content */ = {
			isa = PBXGroup;
			children = (
				5EEA79E224DA3F0700AE809E /* Preview Assets.xcassets */,
			);
			path = "Preview Content";
			sourceTree = "<group>";
		};
/* End PBXGroup section */

/* Begin PBXNativeTarget section */
		5EEA79D724DA3F0700AE809E /* VideoCaptureSample */ = {
			isa = PBXNativeTarget;
			buildConfigurationList = 5EEA79EB24DA3F0700AE809E /* Build configuration list for PBXNativeTarget "VideoCaptureSample" */;
			buildPhases = (
				5EEA79D424DA3F0700AE809E /* Sources */,
				5EEA79D524DA3F0700AE809E /* Frameworks */,
				5EEA79D624DA3F0700AE809E /* Resources */,
			);
			buildRules = (
			);
			dependencies = (
			);
			name = VideoCaptureSample;
			productName = VideoCaptureSample;
			productReference = 5EEA79D824DA3F0700AE809E /* VideoCaptureSample.app */;
			productType = "com.apple.product-type.application";
		};
/* End PBXNativeTarget section */

/* Begin PBXProject section */
		5EEA79D024DA3F0600AE809E /* Project object */ = {
			isa = PBXProject;
			attributes = {
				LastSwiftUpdateCheck = 1160;
				LastUpgradeCheck = 1160;
				ORGANIZATIONNAME = "Koichiro Eto";
				TargetAttributes = {
					5EEA79D724DA3F0700AE809E = {
						CreatedOnToolsVersion = 11.6;
					};
				};
			};
			buildConfigurationList = 5EEA79D324DA3F0600AE809E /* Build configuration list for PBXProject "VideoCaptureSample" */;
			compatibilityVersion = "Xcode 9.3";
			developmentRegion = en;
			hasScannedForEncodings = 0;
			knownRegions = (
				en,
				Base,
			);
			mainGroup = 5EEA79CF24DA3F0600AE809E;
			productRefGroup = 5EEA79D924DA3F0700AE809E /* Products */;
			projectDirPath = "";
			projectRoot = "";
			targets = (
				5EEA79D724DA3F0700AE809E /* VideoCaptureSample */,
			);
		};
/* End PBXProject section */

/* Begin PBXResourcesBuildPhase section */
		5EEA79D624DA3F0700AE809E /* Resources */ = {
			isa = PBXResourcesBuildPhase;
			buildActionMask = 2147483647;
			files = (
				5EEA79E624DA3F0700AE809E /* Main.storyboard in Resources */,
				5EEA79E324DA3F0700AE809E /* Preview Assets.xcassets in Resources */,
				5EEA79E024DA3F0700AE809E /* Assets.xcassets in Resources */,
			);
			runOnlyForDeploymentPostprocessing = 0;
		};
/* End PBXResourcesBuildPhase section */

/* Begin PBXSourcesBuildPhase section */
		5EEA79D424DA3F0700AE809E /* Sources */ = {
			isa = PBXSourcesBuildPhase;
			buildActionMask = 2147483647;
			files = (
				5EEA79DE24DA3F0700AE809E /* ContentView.swift in Sources */,
				5EEA79DC24DA3F0700AE809E /* AppDelegate.swift in Sources */,
			);
			runOnlyForDeploymentPostprocessing = 0;
		};
/* End PBXSourcesBuildPhase section */

/* Begin PBXVariantGroup section */
		5EEA79E424DA3F0700AE809E /* Main.storyboard */ = {
			isa = PBXVariantGroup;
			children = (
				5EEA79E524DA3F0700AE809E /* Base */,
			);
			name = Main.storyboard;
			sourceTree = "<group>";
		};
/* End PBXVariantGroup section */

/* Begin XCBuildConfiguration section */
		5EEA79E924DA3F0700AE809E /* Debug */ = {
			isa = XCBuildConfiguration;
			buildSettings = {
				ALWAYS_SEARCH_USER_PATHS = NO;
				CLANG_ANALYZER_NONNULL = YES;
				CLANG_ANALYZER_NUMBER_OBJECT_CONVERSION = YES_AGGRESSIVE;
				CLANG_CXX_LANGUAGE_STANDARD = "gnu++14";
				CLANG_CXX_LIBRARY = "libc++";
				CLANG_ENABLE_MODULES = YES;
				CLANG_ENABLE_OBJC_ARC = YES;
				CLANG_ENABLE_OBJC_WEAK = YES;
				CLANG_WARN_BLOCK_CAPTURE_AUTORELEASING = YES;
				CLANG_WARN_BOOL_CONVERSION = YES;
				CLANG_WARN_COMMA = YES;
				CLANG_WARN_CONSTANT_CONVERSION = YES;
				CLANG_WARN_DEPRECATED_OBJC_IMPLEMENTATIONS = YES;
				CLANG_WARN_DIRECT_OBJC_ISA_USAGE = YES_ERROR;
				CLANG_WARN_DOCUMENTATION_COMMENTS = YES;
				CLANG_WARN_EMPTY_BODY = YES;
				CLANG_WARN_ENUM_CONVERSION = YES;
				CLANG_WARN_INFINITE_RECURSION = YES;
				CLANG_WARN_INT_CONVERSION = YES;
				CLANG_WARN_NON_LITERAL_NULL_CONVERSION = YES;
				CLANG_WARN_OBJC_IMPLICIT_RETAIN_SELF = YES;
				CLANG_WARN_OBJC_LITERAL_CONVERSION = YES;
				CLANG_WARN_OBJC_ROOT_CLASS = YES_ERROR;
				CLANG_WARN_RANGE_LOOP_ANALYSIS = YES;
				CLANG_WARN_STRICT_PROTOTYPES = YES;
				CLANG_WARN_SUSPICIOUS_MOVE = YES;
				CLANG_WARN_UNGUARDED_AVAILABILITY = YES_AGGRESSIVE;
				CLANG_WARN_UNREACHABLE_CODE = YES;
				CLANG_WARN__DUPLICATE_METHOD_MATCH = YES;
				COPY_PHASE_STRIP = NO;
				DEBUG_INFORMATION_FORMAT = dwarf;
				ENABLE_STRICT_OBJC_MSGSEND = YES;
				ENABLE_TESTABILITY = YES;
				GCC_C_LANGUAGE_STANDARD = gnu11;
				GCC_DYNAMIC_NO_PIC = NO;
				GCC_NO_COMMON_BLOCKS = YES;
				GCC_OPTIMIZATION_LEVEL = 0;
				GCC_PREPROCESSOR_DEFINITIONS = (
					"DEBUG=1",
					"$(inherited)",
				);
				GCC_WARN_64_TO_32_BIT_CONVERSION = YES;
				GCC_WARN_ABOUT_RETURN_TYPE = YES_ERROR;
				GCC_WARN_UNDECLARED_SELECTOR = YES;
				GCC_WARN_UNINITIALIZED_AUTOS = YES_AGGRESSIVE;
				GCC_WARN_UNUSED_FUNCTION = YES;
				GCC_WARN_UNUSED_VARIABLE = YES;
				MACOSX_DEPLOYMENT_TARGET = 10.15;
				MTL_ENABLE_DEBUG_INFO = INCLUDE_SOURCE;
				MTL_FAST_MATH = YES;
				ONLY_ACTIVE_ARCH = YES;
				SDKROOT = macosx;
				SWIFT_ACTIVE_COMPILATION_CONDITIONS = DEBUG;
				SWIFT_OPTIMIZATION_LEVEL = "-Onone";
			};
			name = Debug;
		};
		5EEA79EA24DA3F0700AE809E /* Release */ = {
			isa = XCBuildConfiguration;
			buildSettings = {
				ALWAYS_SEARCH_USER_PATHS = NO;
				CLANG_ANALYZER_NONNULL = YES;
				CLANG_ANALYZER_NUMBER_OBJECT_CONVERSION = YES_AGGRESSIVE;
				CLANG_CXX_LANGUAGE_STANDARD = "gnu++14";
				CLANG_CXX_LIBRARY = "libc++";
				CLANG_ENABLE_MODULES = YES;
				CLANG_ENABLE_OBJC_ARC = YES;
				CLANG_ENABLE_OBJC_WEAK = YES;
				CLANG_WARN_BLOCK_CAPTURE_AUTORELEASING = YES;
				CLANG_WARN_BOOL_CONVERSION = YES;
				CLANG_WARN_COMMA = YES;
				CLANG_WARN_CONSTANT_CONVERSION = YES;
				CLANG_WARN_DEPRECATED_OBJC_IMPLEMENTATIONS = YES;
				CLANG_WARN_DIRECT_OBJC_ISA_USAGE = YES_ERROR;
				CLANG_WARN_DOCUMENTATION_COMMENTS = YES;
				CLANG_WARN_EMPTY_BODY = YES;
				CLANG_WARN_ENUM_CONVERSION = YES;
				CLANG_WARN_INFINITE_RECURSION = YES;
				CLANG_WARN_INT_CONVERSION = YES;
				CLANG_WARN_NON_LITERAL_NULL_CONVERSION = YES;
				CLANG_WARN_OBJC_IMPLICIT_RETAIN_SELF = YES;
				CLANG_WARN_OBJC_LITERAL_CONVERSION = YES;
				CLANG_WARN_OBJC_ROOT_CLASS = YES_ERROR;
				CLANG_WARN_RANGE_LOOP_ANALYSIS = YES;
				CLANG_WARN_STRICT_PROTOTYPES = YES;
				CLANG_WARN_SUSPICIOUS_MOVE = YES;
				CLANG_WARN_UNGUARDED_AVAILABILITY = YES_AGGRESSIVE;
				CLANG_WARN_UNREACHABLE_CODE = YES;
				CLANG_WARN__DUPLICATE_METHOD_MATCH = YES;
				COPY_PHASE_STRIP = NO;
				DEBUG_INFORMATION_FORMAT = "dwarf-with-dsym";
				ENABLE_NS_ASSERTIONS = NO;
				ENABLE_STRICT_OBJC_MSGSEND = YES;
				GCC_C_LANGUAGE_STANDARD = gnu11;
				GCC_NO_COMMON_BLOCKS = YES;
				GCC_WARN_64_TO_32_BIT_CONVERSION = YES;
				GCC_WARN_ABOUT_RETURN_TYPE = YES_ERROR;
				GCC_WARN_UNDECLARED_SELECTOR = YES;
				GCC_WARN_UNINITIALIZED_AUTOS = YES_AGGRESSIVE;
				GCC_WARN_UNUSED_FUNCTION = YES;
				GCC_WARN_UNUSED_VARIABLE = YES;
				MACOSX_DEPLOYMENT_TARGET = 10.15;
				MTL_ENABLE_DEBUG_INFO = NO;
				MTL_FAST_MATH = YES;
				SDKROOT = macosx;
				SWIFT_COMPILATION_MODE = wholemodule;
				SWIFT_OPTIMIZATION_LEVEL = "-O";
			};
			name = Release;
		};
		5EEA79EC24DA3F0700AE809E /* Debug */ = {
			isa = XCBuildConfiguration;
			buildSettings = {
				ASSETCATALOG_COMPILER_APPICON_NAME = AppIcon;
				CODE_SIGN_ENTITLEMENTS = VideoCaptureSample/VideoCaptureSample.entitlements;
				CODE_SIGN_STYLE = Automatic;
				COMBINE_HIDPI_IMAGES = YES;
				DEVELOPMENT_ASSET_PATHS = "\"VideoCaptureSample/Preview Content\"";
				DEVELOPMENT_TEAM = 6PT2E3J732;
				ENABLE_HARDENED_RUNTIME = YES;
				ENABLE_PREVIEWS = YES;
				INFOPLIST_FILE = VideoCaptureSample/Info.plist;
				LD_RUNPATH_SEARCH_PATHS = (
					"$(inherited)",
					"@executable_path/../Frameworks",
				);
				MACOSX_DEPLOYMENT_TARGET = 10.15;
				PRODUCT_BUNDLE_IDENTIFIER = etocom.VideoCaptureSample;
				PRODUCT_NAME = "$(TARGET_NAME)";
				SWIFT_VERSION = 5.0;
			};
			name = Debug;
		};
		5EEA79ED24DA3F0700AE809E /* Release */ = {
			isa = XCBuildConfiguration;
			buildSettings = {
				ASSETCATALOG_COMPILER_APPICON_NAME = AppIcon;
				CODE_SIGN_ENTITLEMENTS = VideoCaptureSample/VideoCaptureSample.entitlements;
				CODE_SIGN_STYLE = Automatic;
				COMBINE_HIDPI_IMAGES = YES;
				DEVELOPMENT_ASSET_PATHS = "\"VideoCaptureSample/Preview Content\"";
				DEVELOPMENT_TEAM = 6PT2E3J732;
				ENABLE_HARDENED_RUNTIME = YES;
				ENABLE_PREVIEWS = YES;
				INFOPLIST_FILE = VideoCaptureSample/Info.plist;
				LD_RUNPATH_SEARCH_PATHS = (
					"$(inherited)",
					"@executable_path/../Frameworks",
				);
				MACOSX_DEPLOYMENT_TARGET = 10.15;
				PRODUCT_BUNDLE_IDENTIFIER = etocom.VideoCaptureSample;
				PRODUCT_NAME = "$(TARGET_NAME)";
				SWIFT_VERSION = 5.0;
			};
			name = Release;
		};
/* End XCBuildConfiguration section */

/* Begin XCConfigurationList section */
		5EEA79D324DA3F0600AE809E /* Build configuration list for PBXProject "VideoCaptureSample" */ = {
			isa = XCConfigurationList;
			buildConfigurations = (
				5EEA79E924DA3F0700AE809E /* Debug */,
				5EEA79EA24DA3F0700AE809E /* Release */,
			);
			defaultConfigurationIsVisible = 0;
			defaultConfigurationName = Release;
		};
		5EEA79EB24DA3F0700AE809E /* Build configuration list for PBXNativeTarget "VideoCaptureSample" */ = {
			isa = XCConfigurationList;
			buildConfigurations = (
				5EEA79EC24DA3F0700AE809E /* Debug */,
				5EEA79ED24DA3F0700AE809E /* Release */,
			);
			defaultConfigurationIsVisible = 0;
			defaultConfigurationName = Release;
		};
/* End XCConfigurationList section */
	};
	rootObject = 5EEA79D024DA3F0600AE809E /* Project object */;
}
